<?xml version="1.0" encoding="UTF-8"?>
<!DOCTYPE plist PUBLIC "-//Apple//DTD PLIST 1.0//EN" "http://www.apple.com/DTDs/PropertyList-1.0.dtd">
<plist version="1.0">
<dict>
	<key>archiveVersion</key>
	<string>1</string>
	<key>classes</key>
	<dict/>
	<key>objectVersion</key>
	<string>46</string>
	<key>objects</key>
	<dict>
		<key></key>
		<dict>
			<key>buildActionMask</key>
			<string>0</string>
			<key>files</key>
			<array>
				<string>FAD1100BC9CB45F7BD0ACCE6</string>
			</array>
			<key>isa</key>
			<string>PBXResourcesBuildPhase</string>
			<key>runOnlyForDeploymentPostprocessing</key>
			<string>0</string>
		</dict>
		<key>05C6D523797C42F1869CA944</key>
		<dict>
			<key>includeInIndex</key>
			<string>1</string>
			<key>isa</key>
			<string>PBXFileReference</string>
			<key>lastKnownFileType</key>
			<string>wrapper.framework</string>
			<key>name</key>
			<string>Foundation.framework</string>
			<key>path</key>
			<string>Platforms/iPhoneOS.platform/Developer/SDKs/iPhoneOS6.0.sdk/System/Library/Frameworks/Foundation.framework</string>
			<key>sourceTree</key>
			<string>DEVELOPER_DIR</string>
		</dict>
		<key>0BCB77F94DC5483697F61F3A</key>
		<dict>
			<key>attributes</key>
			<dict>
				<key>LastUpgradeCheck</key>
				<string>0450</string>
			</dict>
			<key>buildConfigurationList</key>
			<string>6B15AE1C26FE41D6BD180C39</string>
			<key>compatibilityVersion</key>
			<string>Xcode 3.2</string>
			<key>developmentRegion</key>
			<string>English</string>
			<key>hasScannedForEncodings</key>
			<string>0</string>
			<key>isa</key>
			<string>PBXProject</string>
			<key>knownRegions</key>
			<array>
				<string>en</string>
			</array>
			<key>mainGroup</key>
			<string>73AE639326A44BFAB268B930</string>
			<key>productRefGroup</key>
			<string>171A376BF47144B59F7B60F3</string>
			<key>projectDirPath</key>
			<string></string>
			<key>projectReferences</key>
			<array/>
			<key>projectRoot</key>
			<string></string>
			<key>targets</key>
			<array>
				<string>379B5B5903934AD1AA4A9C50</string>
			</array>
		</dict>
		<key>0BF3A295062E4455AEBBFD06</key>
		<dict>
			<key>includeInIndex</key>
			<string>1</string>
			<key>isa</key>
			<string>PBXFileReference</string>
			<key>lastKnownFileType</key>
			<string>sourcecode.c.objc</string>
			<key>name</key>
			<string>ConversionFormViewController.m</string>
			<key>path</key>
			<string>src/ConversionFormViewController.m</string>
			<key>sourceTree</key>
			<string>SOURCE_ROOT</string>
		</dict>
		<key>0D337B4798F64E469B0DE8D5</key>
		<dict>
			<key>explicitFileType</key>
			<string>wrapper.application</string>
			<key>includeInIndex</key>
			<string>0</string>
			<key>isa</key>
			<string>PBXFileReference</string>
			<key>path</key>
			<string>myfirm.app</string>
			<key>sourceTree</key>
			<string>BUILT_PRODUCTS_DIR</string>
		</dict>
		<key>0F630C17E2594279B00C5F1E</key>
		<dict>
			<key>fileRef</key>
			<string>5E7F0AACF9B34F96A4A1B2B3</string>
			<key>isa</key>
			<string>PBXBuildFile</string>
			<key>settings</key>
			<dict/>
		</dict>
		<key>12202B0571AF447CB43E5611</key>
		<dict>
			<key>includeInIndex</key>
			<string>1</string>
			<key>isa</key>
			<string>PBXFileReference</string>
			<key>lastKnownFileType</key>
			<string>sourcecode.c.objc</string>
			<key>name</key>
			<string>main.m</string>
			<key>path</key>
			<string>src/main.m</string>
			<key>sourceTree</key>
			<string>SOURCE_ROOT</string>
		</dict>
		<key>145E881498CE49D5ABD138F0</key>
		<dict>
			<key>fileRef</key>
			<string>5D4A8562AF73489785E6661A</string>
			<key>isa</key>
			<string>PBXBuildFile</string>
		</dict>
		<key>171A376BF47144B59F7B60F3</key>
		<dict>
			<key>children</key>
			<array>
				<string>0D337B4798F64E469B0DE8D5</string>
			</array>
			<key>isa</key>
			<string>PBXGroup</string>
			<key>name</key>
			<string>Products</string>
			<key>sourceTree</key>
			<string>&lt;group&gt;</string>
		</dict>
		<key>1ED3224083174D1EBA449EBC</key>
		<dict>
			<key>fileRef</key>
			<string>DED87FF8576A471AB02A921C</string>
			<key>isa</key>
			<string>PBXBuildFile</string>
		</dict>
		<key>1EEFA20F60234E44998C56DE</key>
		<dict>
			<key>fileRef</key>
			<string>0BF3A295062E4455AEBBFD06</string>
			<key>isa</key>
			<string>PBXBuildFile</string>
		</dict>
		<key>1F700507273B482F8DB0F131</key>
		<dict>
			<key>fileRef</key>
			<string>25705F49447B4378931600B1</string>
			<key>isa</key>
			<string>PBXBuildFile</string>
		</dict>
		<key>24611F51577C47679F29748C</key>
		<dict>
			<key>children</key>
			<array>
				<string>B23FB4F2F3A34265BB189F56</string>
			</array>
			<key>isa</key>
			<string>PBXGroup</string>
			<key>name</key>
			<string>en.lproj</string>
			<key>sourceTree</key>
			<string>&lt;group&gt;</string>
		</dict>
		<key>25705F49447B4378931600B1</key>
		<dict>
			<key>includeInIndex</key>
			<string>1</string>
			<key>isa</key>
			<string>PBXFileReference</string>
			<key>lastKnownFileType</key>
			<string>sourcecode.c.objc</string>
			<key>name</key>
			<string>AppDelegate.m</string>
			<key>path</key>
			<string>src/AppDelegate.m</string>
			<key>sourceTree</key>
			<string>SOURCE_ROOT</string>
		</dict>
		<key>26DE7125E0E949E48F77B8D1</key>
		<dict>
			<key>baseConfigurationReference</key>
			<string>A942AE16DAED4773A90688E6</string>
			<key>buildSettings</key>
			<dict>
				<key>ALWAYS_SEARCH_USER_PATHS</key>
				<string>NO</string>
				<key>ARCHS</key>
				<string>$(ARCHS_STANDARD_32_BIT)</string>
				<key>COPY_PHASE_STRIP</key>
				<string>YES</string>
				<key>GCC_C_LANGUAGE_STANDARD</key>
				<string>gnu99</string>
				<key>GCC_PRECOMPILE_PREFIX_HEADER</key>
				<string>YES</string>
				<key>GCC_PREFIX_HEADER</key>
				<string>src/myfirm-Prefix.pch</string>
				<key>GCC_VERSION</key>
				<string>com.apple.compilers.llvm.clang.1_0</string>
				<key>INFOPLIST_FILE</key>
				<string>src/myfirm-Info.plist</string>
				<key>IPHONEOS_DEPLOYMENT_TARGET</key>
				<string>5.0</string>
				<key>OTHER_LDFLAGS</key>
				<array>
					<string>-ObjC</string>
					<string>-all_load</string>
				</array>
				<key>PRODUCT_NAME</key>
				<string>$(TARGET_NAME)</string>
				<key>PUBLIC_HEADERS_FOLDER_PATH</key>
				<string>$(TARGET_NAME)</string>
				<key>SDKROOT</key>
				<string>iphoneos</string>
				<key>SKIP_INSTALL</key>
				<string>NO</string>
				<key>VALIDATE_PRODUCT</key>
				<string>YES</string>
			</dict>
			<key>isa</key>
			<string>XCBuildConfiguration</string>
			<key>name</key>
			<string>Release</string>
		</dict>
		<key>2E27D677B5E34819949C05E9</key>
		<dict>
			<key>buildActionMask</key>
			<string>2147483647</string>
			<key>files</key>
			<array/>
			<key>inputPaths</key>
			<array/>
			<key>isa</key>
			<string>PBXShellScriptBuildPhase</string>
			<key>name</key>
			<string>Copy Pods Resources</string>
			<key>outputPaths</key>
			<array/>
			<key>runOnlyForDeploymentPostprocessing</key>
			<string>0</string>
			<key>shellPath</key>
			<string>/bin/sh</string>
			<key>shellScript</key>
			<string>"${SRCROOT}/Pods/Pods-resources.sh"
</string>
			<key>showEnvVarsInLog</key>
			<string>1</string>
		</dict>
		<key>379B5B5903934AD1AA4A9C50</key>
		<dict>
			<key>buildConfigurationList</key>
			<string>39BD09B61F9D4C4580BCB165</string>
			<key>buildPhases</key>
			<array>
				<string>4680EBAA5E1D43D186631991</string>
				<string>DA61B655E1A442D28FCA2293</string>
				<string>C91C8C3D5C81475F83561784</string>
				<string>8545C429D28A480BA9818A32</string>
				<string></string>
				<string>2E27D677B5E34819949C05E9</string>
			</array>
			<key>buildRules</key>
			<array/>
			<key>dependencies</key>
			<array/>
			<key>isa</key>
			<string>PBXNativeTarget</string>
			<key>name</key>
			<string>myfirm</string>
			<key>productName</key>
			<string>myfirm</string>
			<key>productReference</key>
			<string>0D337B4798F64E469B0DE8D5</string>
			<key>productType</key>
			<string>com.apple.product-type.application</string>
		</dict>
		<key>39BD09B61F9D4C4580BCB165</key>
		<dict>
			<key>buildConfigurations</key>
			<array>
				<string>26DE7125E0E949E48F77B8D1</string>
				<string>C277ADC586014843ABA8B70F</string>
			</array>
			<key>defaultConfigurationIsVisible</key>
			<string>0</string>
			<key>defaultConfigurationName</key>
			<string>Release</string>
			<key>isa</key>
			<string>XCConfigurationList</string>
		</dict>
		<key>4680EBAA5E1D43D186631991</key>
		<dict>
			<key>buildActionMask</key>
			<string>2147483647</string>
			<key>files</key>
			<array/>
			<key>inputPaths</key>
			<array/>
			<key>isa</key>
			<string>PBXShellScriptBuildPhase</string>
			<key>name</key>
			<string>Build Calatrava Kernel &amp; Shell</string>
			<key>outputPaths</key>
			<array/>
			<key>runOnlyForDeploymentPostprocessing</key>
			<string>0</string>
			<key>shellPath</key>
			<string>/bin/bash</string>
			<key>shellScript</key>
			<string>source ${SRCROOT}/../build_env.sh
bundle exec rake ios:xcode:prebuild</string>
		</dict>
		<key>57D4788CDA8B45F79D807695</key>
		<dict>
			<key>fileRef</key>
			<string>947654E9A5534B2E872216D6</string>
			<key>isa</key>
			<string>PBXBuildFile</string>
		</dict>
		<key>5D4A8562AF73489785E6661A</key>
		<dict>
			<key>includeInIndex</key>
			<string>1</string>
			<key>isa</key>
			<string>PBXFileReference</string>
			<key>lastKnownFileType</key>
			<string>wrapper.framework</string>
			<key>name</key>
			<string>UIKit.framework</string>
			<key>path</key>
			<string>System/Library/Frameworks/UIKit.framework</string>
			<key>sourceTree</key>
			<string>SDKROOT</string>
		</dict>
		<key>5E7F0AACF9B34F96A4A1B2B3</key>
		<dict>
			<key>explicitFileType</key>
			<string>archive.ar</string>
			<key>includeInIndex</key>
			<string>0</string>
			<key>isa</key>
			<string>PBXFileReference</string>
			<key>name</key>
			<string>libPods.a</string>
			<key>path</key>
			<string>libPods.a</string>
			<key>sourceTree</key>
			<string>BUILT_PRODUCTS_DIR</string>
		</dict>
		<key>6B15AE1C26FE41D6BD180C39</key>
		<dict>
			<key>buildConfigurations</key>
			<array>
				<string>92F48888C894436FB55FAB88</string>
				<string>EF964A4435C340ECA50F6887</string>
			</array>
			<key>defaultConfigurationIsVisible</key>
			<string>0</string>
			<key>defaultConfigurationName</key>
			<string>Release</string>
			<key>isa</key>
			<string>XCConfigurationList</string>
		</dict>
		<key>705852F6E594489EBF99FDF0</key>
		<dict>
			<key>fileRef</key>
			<string>83C56205D4F442F69947C932</string>
			<key>isa</key>
			<string>PBXBuildFile</string>
		</dict>
		<key>73AE639326A44BFAB268B930</key>
		<dict>
			<key>children</key>
			<array>
				<string>171A376BF47144B59F7B60F3</string>
				<string>F8CDB8AF96B04AB1A0349F1C</string>
				<string>E27C67BB74494855A8ADDEE5</string>
				<string>25705F49447B4378931600B1</string>
				<string>83C56205D4F442F69947C932</string>
				<string>0BF3A295062E4455AEBBFD06</string>
				<string>9B17CF000E0D47D09A72D968</string>
				<string>24611F51577C47679F29748C</string>
				<string>12202B0571AF447CB43E5611</string>
				<string>DED87FF8576A471AB02A921C</string>
				<string>947654E9A5534B2E872216D6</string>
				<string>EB0F80567B6544E987E15446</string>
				<string>A942AE16DAED4773A90688E6</string>
			</array>
			<key>isa</key>
			<string>PBXGroup</string>
			<key>sourceTree</key>
			<string>&lt;group&gt;</string>
		</dict>
		<key>83C56205D4F442F69947C932</key>
		<dict>
			<key>includeInIndex</key>
			<string>1</string>
			<key>isa</key>
			<string>PBXFileReference</string>
			<key>lastKnownFileType</key>
			<string>sourcecode.c.h</string>
			<key>name</key>
			<string>ConversionFormViewController.h</string>
			<key>path</key>
			<string>src/ConversionFormViewController.h</string>
			<key>sourceTree</key>
			<string>SOURCE_ROOT</string>
		</dict>
		<key>8545C429D28A480BA9818A32</key>
		<dict>
			<key>buildActionMask</key>
			<string>2147483647</string>
			<key>files</key>
			<array>
				<string>E655491CA1A44229A62BE425</string>
				<string>705852F6E594489EBF99FDF0</string>
			</array>
			<key>isa</key>
			<string>PBXHeadersBuildPhase</string>
			<key>runOnlyForDeploymentPostprocessing</key>
			<string>0</string>
		</dict>
		<key>8E367047B40B431B82938AF5</key>
		<dict>
			<key>fileRef</key>
			<string>BDCE5ADD57C54CEE87CD17E9</string>
			<key>isa</key>
			<string>PBXBuildFile</string>
		</dict>
		<key>92F48888C894436FB55FAB88</key>
		<dict>
			<key>buildSettings</key>
			<dict/>
			<key>isa</key>
			<string>XCBuildConfiguration</string>
			<key>name</key>
			<string>Release</string>
		</dict>
		<key>947654E9A5534B2E872216D6</key>
		<dict>
			<key>includeInIndex</key>
			<string>1</string>
			<key>isa</key>
			<string>PBXFileReference</string>
			<key>lastKnownFileType</key>
			<string>sourcecode.c.h</string>
			<key>name</key>
			<string>myfirm-Prefix.pch</string>
			<key>path</key>
			<string>src/myfirm-Prefix.pch</string>
			<key>sourceTree</key>
			<string>SOURCE_ROOT</string>
		</dict>
		<key>9B17CF000E0D47D09A72D968</key>
		<dict>
			<key>includeInIndex</key>
			<string>1</string>
			<key>isa</key>
			<string>PBXFileReference</string>
			<key>lastKnownFileType</key>
			<string>file.xib</string>
			<key>name</key>
			<string>ConversionFormViewController.xib</string>
			<key>path</key>
			<string>src/ConversionFormViewController.xib</string>
			<key>sourceTree</key>
			<string>SOURCE_ROOT</string>
		</dict>
		<key>A942AE16DAED4773A90688E6</key>
		<dict>
			<key>includeInIndex</key>
			<string>1</string>
			<key>isa</key>
			<string>PBXFileReference</string>
			<key>lastKnownFileType</key>
			<string>text.xcconfig</string>
			<key>name</key>
			<string>Pods.xcconfig</string>
			<key>path</key>
			<string>Pods/Pods.xcconfig</string>
			<key>sourceTree</key>
			<string>SOURCE_ROOT</string>
		</dict>
		<key>A9C47404F2A6439EBD6B6F35</key>
		<dict>
			<key>fileRef</key>
			<string>9B17CF000E0D47D09A72D968</string>
			<key>isa</key>
			<string>PBXBuildFile</string>
		</dict>
		<key>B0DF333244CF40F78A3E5BC3</key>
		<dict>
			<key>fileRef</key>
			<string>05C6D523797C42F1869CA944</string>
			<key>isa</key>
			<string>PBXBuildFile</string>
		</dict>
		<key>B23FB4F2F3A34265BB189F56</key>
		<dict>
			<key>includeInIndex</key>
			<string>1</string>
			<key>isa</key>
			<string>PBXFileReference</string>
			<key>lastKnownFileType</key>
			<string>text.plist.strings</string>
			<key>name</key>
			<string>InfoPlist.strings</string>
			<key>path</key>
			<string>src/en.lproj/InfoPlist.strings</string>
			<key>sourceTree</key>
			<string>SOURCE_ROOT</string>
		</dict>
		<key>BDCE5ADD57C54CEE87CD17E9</key>
		<dict>
			<key>includeInIndex</key>
			<string>1</string>
			<key>isa</key>
			<string>PBXFileReference</string>
			<key>lastKnownFileType</key>
			<string>wrapper.framework</string>
			<key>name</key>
			<string>CoreGraphics.framework</string>
			<key>path</key>
			<string>System/Library/Frameworks/CoreGraphics.framework</string>
			<key>sourceTree</key>
			<string>SDKROOT</string>
		</dict>
		<key>C04937B8442C48E9832FE5E3</key>
		<dict>
			<key>fileRef</key>
			<string>B23FB4F2F3A34265BB189F56</string>
			<key>isa</key>
			<string>PBXBuildFile</string>
		</dict>
		<key>C277ADC586014843ABA8B70F</key>
		<dict>
			<key>baseConfigurationReference</key>
			<string>A942AE16DAED4773A90688E6</string>
			<key>buildSettings</key>
			<dict>
				<key>ALWAYS_SEARCH_USER_PATHS</key>
				<string>NO</string>
				<key>ARCHS</key>
				<string>$(ARCHS_STANDARD_32_BIT)</string>
				<key>COPY_PHASE_STRIP</key>
				<string>NO</string>
				<key>GCC_C_LANGUAGE_STANDARD</key>
				<string>gnu99</string>
				<key>GCC_DYNAMIC_NO_PIC</key>
				<string>NO</string>
				<key>GCC_OPTIMIZATION_LEVEL</key>
				<string>0</string>
				<key>GCC_PRECOMPILE_PREFIX_HEADER</key>
				<string>YES</string>
				<key>GCC_PREFIX_HEADER</key>
				<string>src/myfirm-Prefix.pch</string>
				<key>GCC_PREPROCESSOR_DEFINITIONS</key>
				<array>
					<string>DEBUG=1</string>
					<string>$(inherited)</string>
				</array>
				<key>GCC_SYMBOLS_PRIVATE_EXTERN</key>
				<string>NO</string>
				<key>GCC_VERSION</key>
				<string>com.apple.compilers.llvm.clang.1_0</string>
				<key>INFOPLIST_FILE</key>
				<string>src/myfirm-Info.plist</string>
				<key>IPHONEOS_DEPLOYMENT_TARGET</key>
				<string>5.0</string>
				<key>OTHER_LDFLAGS</key>
				<array>
					<string>-ObjC</string>
					<string>-all_load</string>
				</array>
				<key>PRODUCT_NAME</key>
				<string>$(TARGET_NAME)</string>
				<key>PUBLIC_HEADERS_FOLDER_PATH</key>
				<string>$(TARGET_NAME)</string>
				<key>SDKROOT</key>
				<string>iphoneos</string>
				<key>SKIP_INSTALL</key>
				<string>NO</string>
			</dict>
			<key>isa</key>
			<string>XCBuildConfiguration</string>
			<key>name</key>
			<string>Debug</string>
		</dict>
		<key>C2B777334CD7479DAB76B871</key>
		<dict>
			<key>fileRef</key>
			<string>12202B0571AF447CB43E5611</string>
			<key>isa</key>
			<string>PBXBuildFile</string>
		</dict>
		<key>C91C8C3D5C81475F83561784</key>
		<dict>
			<key>buildActionMask</key>
			<string>2147483647</string>
			<key>files</key>
			<array>
				<string>B0DF333244CF40F78A3E5BC3</string>
				<string>145E881498CE49D5ABD138F0</string>
				<string>8E367047B40B431B82938AF5</string>
				<string>0F630C17E2594279B00C5F1E</string>
			</array>
			<key>isa</key>
			<string>PBXFrameworksBuildPhase</string>
			<key>runOnlyForDeploymentPostprocessing</key>
			<string>0</string>
		</dict>
		<key>DA61B655E1A442D28FCA2293</key>
		<dict>
			<key>buildActionMask</key>
			<string>2147483647</string>
			<key>files</key>
			<array>
				<string>1F700507273B482F8DB0F131</string>
				<string>1EEFA20F60234E44998C56DE</string>
				<string>A9C47404F2A6439EBD6B6F35</string>
				<string>C04937B8442C48E9832FE5E3</string>
				<string>C2B777334CD7479DAB76B871</string>
				<string>1ED3224083174D1EBA449EBC</string>
				<string>57D4788CDA8B45F79D807695</string>
			</array>
			<key>isa</key>
			<string>PBXSourcesBuildPhase</string>
			<key>runOnlyForDeploymentPostprocessing</key>
			<string>0</string>
		</dict>
		<key>DED87FF8576A471AB02A921C</key>
		<dict>
			<key>includeInIndex</key>
			<string>1</string>
			<key>isa</key>
			<string>PBXFileReference</string>
			<key>lastKnownFileType</key>
			<string>text.plist.xml</string>
			<key>name</key>
			<string>myfirm-Info.plist</string>
			<key>path</key>
			<string>src/myfirm-Info.plist</string>
			<key>sourceTree</key>
			<string>SOURCE_ROOT</string>
		</dict>
		<key>E27C67BB74494855A8ADDEE5</key>
		<dict>
			<key>includeInIndex</key>
			<string>1</string>
			<key>isa</key>
			<string>PBXFileReference</string>
			<key>lastKnownFileType</key>
			<string>sourcecode.c.h</string>
			<key>name</key>
			<string>AppDelegate.h</string>
			<key>path</key>
			<string>src/AppDelegate.h</string>
			<key>sourceTree</key>
			<string>SOURCE_ROOT</string>
		</dict>
		<key>E655491CA1A44229A62BE425</key>
		<dict>
			<key>fileRef</key>
			<string>E27C67BB74494855A8ADDEE5</string>
			<key>isa</key>
			<string>PBXBuildFile</string>
		</dict>
		<key>EB0F80567B6544E987E15446</key>
		<dict>
			<key>includeInIndex</key>
			<string>1</string>
			<key>isa</key>
			<string>PBXFileReference</string>
			<key>lastKnownFileType</key>
			<string>folder</string>
			<key>path</key>
			<string>public</string>
			<key>sourceTree</key>
			<string>SOURCE_ROOT</string>
		</dict>
		<key>EF964A4435C340ECA50F6887</key>
		<dict>
			<key>buildSettings</key>
			<dict/>
			<key>isa</key>
			<string>XCBuildConfiguration</string>
			<key>name</key>
			<string>Debug</string>
		</dict>
		<key>F8CDB8AF96B04AB1A0349F1C</key>
		<dict>
			<key>children</key>
			<array>
				<string>05C6D523797C42F1869CA944</string>
				<string>5D4A8562AF73489785E6661A</string>
				<string>BDCE5ADD57C54CEE87CD17E9</string>
				<string>5E7F0AACF9B34F96A4A1B2B3</string>
			</array>
			<key>isa</key>
			<string>PBXGroup</string>
			<key>name</key>
			<string>Frameworks</string>
			<key>sourceTree</key>
			<string>&lt;group&gt;</string>
		</dict>
		<key>FAD1100BC9CB45F7BD0ACCE6</key>
		<dict>
			<key>fileRef</key>
			<string>EB0F80567B6544E987E15446</string>
			<key>isa</key>
			<string>PBXBuildFile</string>
		</dict>
	</dict>
	<key>rootObject</key>
	<string>0BCB77F94DC5483697F61F3A</string>
</dict>
</plist>
